<?xml version="1.0" encoding="utf-8"?>
<Project ToolsVersion="4.0" xmlns="http://schemas.microsoft.com/developer/msbuild/2003">
  <ItemGroup>
    <Filter Include="Source Files">
      <UniqueIdentifier>{4FC737F1-C7A5-4376-A066-2A32D752A2FF}</UniqueIdentifier>
      <Extensions>cpp;c;cc;cxx;def;odl;idl;hpj;bat;asm;asmx</Extensions>
    </Filter>
    <Filter Include="Header Files">
      <UniqueIdentifier>{93995380-89BD-4b04-88EB-625FBE52EBFB}</UniqueIdentifier>
      <Extensions>h;hpp;hxx;hm;inl;inc;xsd</Extensions>
    </Filter>
    <Filter Include="Resource Files">
      <UniqueIdentifier>{67DA6AB6-F800-4c08-8B7A-83BB121AAD01}</UniqueIdentifier>
      <Extensions>rc;ico;cur;bmp;dlg;rc2;rct;bin;rgs;gif;jpg;jpeg;jpe;resx;tiff;tif;png;wav;mfcribbon-ms</Extensions>
    </Filter>
    <Filter Include="Header Files\Misc">
      <UniqueIdentifier>{85d599ce-031f-456e-84f8-83cce48d2ff8}</UniqueIdentifier>
    </Filter>
    <Filter Include="Source Files\Misc">
      <UniqueIdentifier>{3458f295-e025-4105-9a8c-15d715aec2d5}</UniqueIdentifier>
    </Filter>
    <Filter Include="Header Files\Shaders">
      <UniqueIdentifier>{114159b0-58a8-405e-9624-791d11ecac5a}</UniqueIdentifier>
    </Filter>
    <Filter Include="Header Files\Cameras">
      <UniqueIdentifier>{f777b75f-b760-4f79-bdd3-eee44b0e41fb}</UniqueIdentifier>
    </Filter>
    <Filter Include="Source Files\Shaders">
      <UniqueIdentifier>{f2c2a6a4-b397-49b7-afb8-1f56a9a23bdb}</UniqueIdentifier>
    </Filter>
    <Filter Include="Source Files\Cameras">
      <UniqueIdentifier>{206dac67-3374-48bc-9aa4-d0001535964c}</UniqueIdentifier>
    </Filter>
    <Filter Include="Header Files\Text">
      <UniqueIdentifier>{a750d6dc-457b-4ced-a808-5206a577edea}</UniqueIdentifier>
    </Filter>
    <Filter Include="Source Files\Text">
      <UniqueIdentifier>{c1d34930-9f98-4fab-8d83-5d4de7235fd9}</UniqueIdentifier>
    </Filter>
    <Filter Include="Source Files\Objects">
      <UniqueIdentifier>{e89d91b7-74a0-4f77-8528-bef51479dc6f}</UniqueIdentifier>
    </Filter>
    <Filter Include="Header Files\Objects">
      <UniqueIdentifier>{dd60017b-5d85-4e44-b884-a6d1f55cf37d}</UniqueIdentifier>
    </Filter>
    <Filter Include="Header Files\OpenGLMisc">
      <UniqueIdentifier>{bf49b1d7-fb98-4953-af8a-f1f9f87f7a09}</UniqueIdentifier>
    </Filter>
    <Filter Include="Source Files\OpenGLMisc">
      <UniqueIdentifier>{77dda45c-6938-4602-85ae-74c8e67dadac}</UniqueIdentifier>
    </Filter>
    <Filter Include="Header Files\Render">
      <UniqueIdentifier>{5a37398f-5b87-4f8f-a40f-3e8453d51582}</UniqueIdentifier>
    </Filter>
    <Filter Include="Source Files\Render">
      <UniqueIdentifier>{89615b0e-495c-4026-b49d-0f412f8f0ee1}</UniqueIdentifier>
    </Filter>
  </ItemGroup>
  <ItemGroup>
    <ClInclude Include="main.h">
      <Filter>Header Files</Filter>
    </ClInclude>
    <ClInclude Include="FpsCounter.hpp">
      <Filter>Header Files\Misc</Filter>
    </ClInclude>
    <ClInclude Include="Clock.hpp">
      <Filter>Header Files\Misc</Filter>
    </ClInclude>
    <ClInclude Include="CheckOpenGL.hpp">
      <Filter>Header Files\Misc</Filter>
    </ClInclude>
    <ClInclude Include="FirstPersonCamera.hpp">
      <Filter>Header Files\Cameras</Filter>
    </ClInclude>
    <ClInclude Include="ShaderMenager.hpp">
      <Filter>Header Files\Shaders</Filter>
    </ClInclude>
    <ClInclude Include="TextRender.hpp">
      <Filter>Header Files\Text</Filter>
    </ClInclude>
    <ClInclude Include="Object.hpp">
      <Filter>Header Files\Objects</Filter>
    </ClInclude>
    <ClInclude Include="CosmicBody.hpp">
      <Filter>Header Files\Objects</Filter>
    </ClInclude>
    <ClInclude Include="Vertex.hpp">
      <Filter>Header Files\Misc</Filter>
    </ClInclude>
    <ClInclude Include="define.hpp">
      <Filter>Header Files\Misc</Filter>
    </ClInclude>
    <ClInclude Include="CreateWindow.hpp">
      <Filter>Header Files\OpenGLMisc</Filter>
    </ClInclude>
    <ClInclude Include="Camera.hpp">
      <Filter>Header Files\Cameras</Filter>
    </ClInclude>
    <ClInclude Include="ObjectsMenager.hpp">
      <Filter>Header Files\Objects</Filter>
    </ClInclude>
    <ClInclude Include="RenderManager.h">
      <Filter>Header Files\Render</Filter>
    </ClInclude>
    <ClInclude Include="Render.h">
      <Filter>Header Files\Render</Filter>
    </ClInclude>
  </ItemGroup>
  <ItemGroup>
    <ClCompile Include="main.cpp">
      <Filter>Source Files</Filter>
    </ClCompile>
    <ClCompile Include="Clock.cpp">
      <Filter>Source Files\Misc</Filter>
    </ClCompile>
    <ClCompile Include="FpsCounter.cpp">
      <Filter>Source Files\Misc</Filter>
    </ClCompile>
    <ClCompile Include="CheckOpengGL.cpp">
      <Filter>Source Files\Misc</Filter>
    </ClCompile>
    <ClCompile Include="FirstPersonCamera.cpp">
      <Filter>Source Files\Cameras</Filter>
    </ClCompile>
    <ClCompile Include="ShaderMenager.cpp">
      <Filter>Source Files\Shaders</Filter>
    </ClCompile>
    <ClCompile Include="TextRender.cpp">
      <Filter>Source Files\Text</Filter>
    </ClCompile>
    <ClCompile Include="Object.cpp">
      <Filter>Source Files\Objects</Filter>
    </ClCompile>
    <ClCompile Include="CosmicBody.cpp">
      <Filter>Source Files\Objects</Filter>
    </ClCompile>
    <ClCompile Include="CreateWindow.cpp">
      <Filter>Source Files\OpenGLMisc</Filter>
    </ClCompile>
    <ClCompile Include="Camera.cpp">
      <Filter>Source Files\Cameras</Filter>
    </ClCompile>
    <ClCompile Include="ObjectsMenager.cpp">
      <Filter>Source Files\Objects</Filter>
    </ClCompile>
    <ClCompile Include="Render.cpp">
      <Filter>Source Files\Render</Filter>
    </ClCompile>
    <ClCompile Include="RenderManager.cpp">
      <Filter>Source Files\Render</Filter>
    </ClCompile>
  </ItemGroup>
</Project>